<?xml version="1.0" encoding="utf-8"?>
<Project ToolsVersion="4.0" xmlns="http://schemas.microsoft.com/developer/msbuild/2003">
  <ItemGroup>
    <ClCompile Include="source\dllmain.cpp" />
    <ClCompile Include="ext\minhook\buffer.c" />
    <ClCompile Include="ext\minhook\hde32.c" />
    <ClCompile Include="ext\minhook\hde64.c" />
    <ClCompile Include="ext\minhook\hook.c" />
    <ClCompile Include="ext\minhook\trampoline.c" />
    <ClCompile Include="source\Hooks\hooks.cpp" />
    <ClCompile Include="source\Hooks\createmove.cpp" />
    <ClCompile Include="source\Hacks\bunnyhop.cpp" />
    <ClCompile Include="source\Hacks\esp.cpp" />
    <ClCompile Include="source\Hacks\radarhack.cpp" />
    <ClCompile Include="source\Hacks\glow.cpp" />
    <ClCompile Include="source\Hacks\triggerbot.cpp" />
    <ClCompile Include="source\Hacks\aimbot.cpp" />
    <ClCompile Include="source\Hooks\paintTraverse.cpp" />
    <ClCompile Include="source\SDK\menu\framework.cpp" />
    <ClCompile Include="source\SDK\render\rendering.cpp" />
    <ClCompile Include="source\SDK\menu\menu.cpp" />
    <ClCompile Include="source\Hacks\misc.cpp" />
  </ItemGroup>
  <ItemGroup>
    <ClInclude Include="source\Hooks\hooks.h" />
    <ClInclude Include="ext\minhook\buffer.h" />
    <ClInclude Include="ext\minhook\hde32.h" />
    <ClInclude Include="ext\minhook\hde64.h" />
    <ClInclude Include="ext\minhook\MinHook.h" />
    <ClInclude Include="ext\minhook\pstdint.h" />
    <ClInclude Include="ext\minhook\table32.h" />
    <ClInclude Include="ext\minhook\table64.h" />
    <ClInclude Include="ext\minhook\trampoline.h" />
    <ClInclude Include="ext\utils\util.h" />
    <ClInclude Include="source\SDK\valve\IClientEntityList.h" />
    <ClInclude Include="source\SDK\valve\CEntity.h" />
    <ClInclude Include="source\SDK\sdk.h" />
    <ClInclude Include="source\SDK\valve\netvars.h" />
    <ClInclude Include="source\SDK\interfaces\interfaces.h" />
    <ClInclude Include="source\SDK\valve\IVDebugOverlay.h" />
    <ClInclude Include="source\SDK\valve\usercmd.h" />
    <ClInclude Include="source\Hooks\createmove.h" />
    <ClInclude Include="source\SDK\valve\IVEngineClient.h" />
    <ClInclude Include="source\Hacks\bunnyhop.h" />
    <ClInclude Include="source\Hacks\esp.h" />
    <ClInclude Include="source\Hacks\radarhack.h" />
    <ClInclude Include="source\Hacks\glow.h" />
    <ClInclude Include="source\SDK\valve\CVector.h" />
    <ClInclude Include="ext\utils\mem.h" />
    <ClInclude Include="source\Hacks\triggerbot.h" />
    <ClInclude Include="source\SDK\valve\IVEngineTraceRay.h" />
    <ClInclude Include="source\Hacks\aimbot.h" />
    <ClInclude Include="source\Hooks\paintTraverse.h" />
    <ClInclude Include="source\SDK\valve\IPanel.h" />
    <ClInclude Include="ext\utils\fnv.h" />
    <ClInclude Include="source\SDK\menu\framework.h" />
    <ClInclude Include="source\SDK\render\rendering.h" />
    <ClInclude Include="source\SDK\valve\ISurface.h" />
    <ClInclude Include="source\SDK\math\vertex2.h" />
    <ClInclude Include="source\SDK\math\vector2d.h" />
    <ClInclude Include="source\SDK\math\vector3d.h" />
    <ClInclude Include="source\SDK\render\color.h" />
    <ClInclude Include="source\SDK\menu\verbs.h" />
    <ClInclude Include="source\SDK\menu\menu.h" />
    <ClInclude Include="source\Hacks\misc.h" />
  </ItemGroup>
  <ItemGroup>
    <None Include="ext\minhook\MinHook.def" />
    <None Include="compile\csgo_build_release.dll" />
    <None Include="compile\csgo_build_release.pdb" />
  </ItemGroup>
  <ItemGroup>
    <ResourceCompile Include="ext\minhook\MinHook.rc" />
  </ItemGroup>
</Project>